
Microsoft Visual Studio Solution File, Format Version 12.00
# Visual Studio Version 17
VisualStudioVersion = 17.13.35806.99 d17.13
MinimumVisualStudioVersion = 10.0.40219.1
Project("{FAE04EC0-301F-11D3-BF4B-00C04F79EFBC}") = "FtpProjectVova", "FtpProjectVova\FtpProjectVova.csproj", "{EF9A6E4B-0B5B-46E8-9799-03CC0FE1ED0B}"
EndProject
Global
	GlobalSection(SolutionConfigurationPlatforms) = preSolution
		Debug|Any CPU = Debug|Any CPU
		Release|Any CPU = Release|Any CPU
	EndGlobalSection
	GlobalSection(ProjectConfigurationPlatforms) = postSolution
		{EF9A6E4B-0B5B-46E8-9799-03CC0FE1ED0B}.Debug|Any CPU.ActiveCfg = Debug|Any CPU
		{EF9A6E4B-0B5B-46E8-9799-03CC0FE1ED0B}.Debug|Any CPU.Build.0 = Debug|Any CPU
		{EF9A6E4B-0B5B-46E8-9799-03CC0FE1ED0B}.Release|Any CPU.ActiveCfg = Release|Any CPU
		{EF9A6E4B-0B5B-46E8-9799-03CC0FE1ED0B}.Release|Any CPU.Build.0 = Release|Any CPU
	EndGlobalSection
	GlobalSection(SolutionProperties) = preSolution
		HideSolutionNode = FALSE
	EndGlobalSection
	GlobalSection(ExtensibilityGlobals) = postSolution
		SolutionGuid = {DE5AD55E-E271-4CE2-87F7-E6F0E1FC2FF6}
	EndGlobalSection
EndGlobal
